github.com/davecheney/godoc2md v0.0.0-20180717000503-586c20adbfb9/go.mod h1:A04a9rawvUZlLDtIXfgTjAUm6wU8O4ZME64JGhKFubg=
github.com/google/uuid v1.0.0 h1:b4Gk+7WdP/d3HZH8EJsZpvV7EtDOgaZLtnaNGIu1adA=
github.com/google/uuid v1.0.0/go.mod h1:TIyPZe4MgqvfeYDBFedMoGGpEw/LqOeaOT+nhxU+yHo=
github.com/google/uuid v1.1.0 h1:Jf4mxPC/ziBnoPIdpQdPJ9OeiomAUHLvxmPRSPH9m4s=
github.com/google/uuid v1.1.0/go.mod h1:TIyPZe4MgqvfeYDBFedMoGGpEw/LqOeaOT+nhxU+yHo=
github.com/gorilla/mux v1.6.2 h1:Pgr17XVTNXAk3q/r4CpKzC5xBM/qW1uVLV+IhRZpIIk=
github.com/gorilla/mux v1.6.2/go.mod h1:1lud6UwP+6orDFRuTfBEV8e9/aOM/c4fVVCaMa2zaAs=
github.com/me-box/goZestClient v0.0.10 h1:dIU2G0iIGF4Oi8hRHwAKD3v6cobpGkXnqfOz0qJ3uQg=
github.com/me-box/goZestClient v0.0.10/go.mod h1:Hk1xjFnb9f21bXs+gepUCjXOHzFLahp917dYvG9WhOI=
github.com/me-box/goZestClient v0.0.14/go.mod h1:Hk1xjFnb9f21bXs+gepUCjXOHzFLahp917dYvG9WhOI=
github.com/me-box/goZestClient v0.0.15 h1:sDgfOul3xhe3clg0UBW7H6bKnId4Yj2Ez07jKeJQGNU=
github.com/me-box/goZestClient v0.0.15/go.mod h1:Hk1xjFnb9f21bXs+gepUCjXOHzFLahp917dYvG9WhOI=
github.com/me-box/lib-go-databox v0.5.11 h1:OiXb9afXZSk+dEAYR4JI9q8I0nGFjAZJMHlA0tDFWTQ=
github.com/me-box/lib-go-databox v0.5.11/go.mod h1:HVSKPu1O5xBNJ3ZJgD0duYBbvP//ixr5fNWjsbrRKY0=
github.com/me-box/lib-go-databox v0.6.2 h1:cjLx1ZsBqTLf67aoHD540rAek79LvBnpzNTlTVmlxL8=
github.com/me-box/lib-go-databox v0.6.2/go.mod h1:qtL0m5qYTnMcjN+SXxDsgGK5gRqUjnfDtIdLiVH+Kns=
github.com/pebbe/zmq4 v1.0.0 h1:D+MSmPpqkL5PSSmnh8g51ogirUCyemThuZzLW7Nrt78=
github.com/pebbe/zmq4 v1.0.0/go.mod h1:7N4y5R18zBiu3l0vajMUWQgZyjv464prE8RCyBcmnZM=
golang.org/x/tools v0.0.0-20180925155007-dca76387a03d/go.mod h1:n7NCudcB/nEzxVGmLbDWY5pfWTLqBcC2KZ6jyYvM4mQ=
golang.org/x/tools v0.0.0-20181115011154-2a3f5192be2e/go.mod h1:n7NCudcB/nEzxVGmLbDWY5pfWTLqBcC2KZ6jyYvM4mQ=
golang.org/x/tools v0.0.0-20181120060634-fc4f04983f62/go.mod h1:n7NCudcB/nEzxVGmLbDWY5pfWTLqBcC2KZ6jyYvM4mQ=
